version = 1
revision = 3
requires-python = ">=3.14"

[[package]]
name = "bigdata-lab1"
version = "0.1.0"
source = { editable = "." }
dependencies = [
    { name = "duckdb" },
    { name = "faker" },
]

[package.metadata]
requires-dist = [
    { name = "duckdb", specifier = ">=1.5.6" },
    { name = "faker", specifier = ">=40.37.0" },
]

[[package]]
name = "duckdb"
version = "1.5.6"
source = { registry = "https://pypi.org/simple" }
sdist = { url = "https://files.pythonhosted.org/packages/59/0b/d65ea3be00ea79aa276a8388bec588a9cbf409ce637c6d306e5316210d15/duckdb-1.5.6.tar.gz", hash = "sha256:166a91dbfacfc0c9f08cc76c0243cb6d3d4296bfab5bad72a3cfb63140a5b7c8", size = 18032957, upload-time = "2026-09-28T13:38:37.978Z" }
wheels = [
    { url = "https://files.pythonhosted.org/packages/fb/62/a8a30a4c6b94c0861d348ed5633b963f6745a5525527530f02f3c1a7c931/duckdb-1.5.6-cp314-cp314-macosx_10_15_universal2.whl", hash = "sha256:aa21d2ad803b2524326e8622d7d96b2bb1ff1d5b60368e1978ee805df9c21fb3", size = 32828003, upload-time = "2026-09-28T13:38:21.414Z" },
    { url = "https://files.pythonhosted.org/packages/71/b7/1dcca0005eb8c67adf9fc06bf0cbb1d2bf4ea1974cc89e7a7c2ad66aac28/duckdb-1.5.6-cp314-cp314-macosx_10_15_x86_64.whl", hash = "sha256:8a1b2ad27d414068cbca06c55cfa802eece10f86ea4812ff082f8ab4cb25fc85", size = 17413912, upload-time = "2026-09-28T13:38:23.915Z" },
    { url = "https://files.pythonhosted.org/packages/93/b0/e3ac175443550f3464f2d95731a8b0aae9b4dc3875c3a186c352262b43c2/duckdb-1.5.6-cp314-cp314-macosx_11_0_arm64.whl", hash = "sha256:c79c6d222b1d015cde73b5139087186b00db65357fb4e2c94c2308fbbf465a72", size = 15543122, upload-time = "2026-09-28T13:38:26.317Z" },
    { url = "https://files.pythonhosted.org/packages/9d/08/cc510a7952aba69d5cdca17f3ef61c95713d86143f2ee9aa3e097d38f50b/duckdb-1.5.6-cp314-cp314-manylinux_2_26_aarch64.manylinux_2_28_aarch64.whl", hash = "sha256:1052b8050ef5696e2c0d8c836949c72f3dd11f0690466acbea739613e8e2750b", size = 19457946, upload-time = "2026-09-28T13:38:28.877Z" },
    { url = "https://files.pythonhosted.org/packages/ef/a5/6f8099d9a5a02ddff89e5c85875df3465054845b0920fb0703fbdf8dd2ec/duckdb-1.5.6-cp314-cp314-manylinux_2_26_x86_64.manylinux_2_28_x86_64.whl", hash = "sha256:19c5e485e59613b8878d1670bcaa7a010f53c5a4da5ae8e08863e5e529ca6182", size = 21575132, upload-time = "2026-09-28T13:38:31.231Z" },
    { url = "https://files.pythonhosted.org/packages/9f/58/762f7159662d7859e201fa05ca29f306795daeabf84f3e087215a966b001/duckdb-1.5.6-cp314-cp314-win_amd64.whl", hash = "sha256:ebcbd09cd8578ab1093393e9b16289cda0e8f1791ac595bf00eb5bad75c3cf00", size = 13713963, upload-time = "2026-09-28T13:38:33.543Z" },
    { url = "https://files.pythonhosted.org/packages/46/69/64d165db322de13f5c3e75d377b6b9694df1821155ad1fa4b14b04601abc/duckdb-1.5.6-cp314-cp314-win_arm64.whl", hash = "sha256:820a8384faef11cd86068ea48c5da57ce2d8f1c7b3d2bdb9be3398317a7c3728", size = 14514368, upload-time = "2026-09-28T13:38:35.676Z" },
]

[[package]]
name = "faker"
version = "40.40.0"
source = { registry = "https://pypi.org/simple" }
dependencies = [
    { name = "tzdata", marker = "sys_platform == 'win32'" },
]
sdist = { url = "https://files.pythonhosted.org/packages/43/43/7f5870d05331cb1649704040f51332d37f2468ed857de1e226482e2948b0/faker-40.40.0.tar.gz", hash = "sha256:803ee7f920679e7367c3f7b7f97752f5a9780aa5566c71723fbe57d591beafe1", size = 2029985, upload-time = "2026-09-29T00:56:19.983Z" }
wheels = [
    { url = "https://files.pythonhosted.org/packages/e1/d2/58beb2b8355f89b483fa21b99fe9934ee7312e3ccf228bb7cefe9e8d979c/faker-40.40.0-py3-none-any.whl", hash = "sha256:cd45ebdd1363f92a45740ac49945e49fa18f7e10771884a83c796a235550d7b7", size = 2066663, upload-time = "2026-09-29T00:56:17.952Z" },
]

[[package]]
name = "tzdata"
version = "2026.5"
source = { registry = "https://pypi.org/simple" }
sdist = { url = "https://files.pythonhosted.org/packages/d9/68/f1b440335057bfce71b6e50a9d09445aa2ecbd08359a337976627b8409e7/tzdata-2026.5.tar.gz", hash = "sha256:8cc73c0a0bfca7dbfa59235d60b2eff82231dee33f53d206db1acd9173cfc0a7", size = 200404, upload-time = "2026-10-03T09:23:14.143Z" }
wheels = [
    { url = "https://files.pythonhosted.org/packages/94/21/1e5995a1c920cce14e4bffae20c665ec10e7ed03ab25e006cd741092b718/tzdata-2026.5-py2.py3-none-any.whl", hash = "sha256:b683bd1b6659ddcd810ff02ad09ba821d4bf1065072805063eb35c49617905ac", size = 347996, upload-time = "2026-10-03T09:23:12.535Z" },
]
