version = 1
revision = 5
requires-python = ">=3.14"

[[package]]
name = "bigdata-lab1"
version = "0.1.0"
source = { editable = "." }
dependencies = [
    { name = "faker" },
]

[package.metadata]
requires-dist = [{ name = "faker", specifier = ">=40.37.0" }]

[[package]]
name = "faker"
version = "40.40.0"
source = { registry = "https://pypi.org/simple" }
dependencies = [
    { name = "tzdata", marker = "sys_platform == 'win32'" },
]
sdist = { url = "https://files.pythonhosted.org/packages/43/43/7f5870d05331cb1649704040f51332d37f2468ed857de1e226482e2948b0/faker-40.40.0.tar.gz", hash = "sha256:803ee7f920679e7367c3f7b7f97752f5a9780aa5566c71723fbe57d591beafe1", size = 2029985, upload-time = "2026-09-29T00:56:19.983Z" }
wheels = [
    { url = "https://files.pythonhosted.org/packages/e1/d2/58beb2b8355f89b483fa21b99fe9934ee7312e3ccf228bb7cefe9e8d979c/faker-40.40.0-py3-none-any.whl", hash = "sha256:cd45ebdd1363f92a45740ac49945e49fa18f7e10771884a83c796a235550d7b7", size = 2066663, upload-time = "2026-09-29T00:56:17.952Z" },
]

[[package]]
name = "tzdata"
version = "2026.5"
source = { registry = "https://pypi.org/simple" }
sdist = { url = "https://files.pythonhosted.org/packages/d9/68/f1b440335057bfce71b6e50a9d09445aa2ecbd08359a337976627b8409e7/tzdata-2026.5.tar.gz", hash = "sha256:8cc73c0a0bfca7dbfa59235d60b2eff82231dee33f53d206db1acd9173cfc0a7", size = 200404, upload-time = "2026-10-03T09:23:14.143Z" }
wheels = [
    { url = "https://files.pythonhosted.org/packages/94/21/1e5995a1c920cce14e4bffae20c665ec10e7ed03ab25e006cd741092b718/tzdata-2026.5-py2.py3-none-any.whl", hash = "sha256:b683bd1b6659ddcd810ff02ad09ba821d4bf1065072805063eb35c49617905ac", size = 347996, upload-time = "2026-10-03T09:23:12.535Z" },
]
